Microsoft Visual Studio Solution File, Format Version 12.00
# Visual Studio Version 17
VisualStudioVersion = 17.0.31903.59
MinimumVisualStudioVersion = 10.0.40219.1
Project("{FAE04EC0-301F-11D3-BF4B-00C04F79EFBC}") = "Flight Computer", "Flight Computer\Flight Computer.csproj", "{4AE8E36A-DB04-4A28-92DD-A582B6A79D2B}"
EndProject
Project("{FAE04EC0-301F-11D3-BF4B-00C04F79EFBC}") = "Freighter FC", "Freighter FC\Freighter FC.csproj", "{594BFFCB-671E-4ED2-92A2-F516959BDE45}"
EndProject
Project("{FAE04EC0-301F-11D3-BF4B-00C04F79EFBC}") = "sebuild", "sebuild\sebuild.csproj", "{60F67F41-B936-4780-BB23-75A0DFFF799E}"
EndProject
Project("{FAE04EC0-301F-11D3-BF4B-00C04F79EFBC}") = "env", "env.csproj", "{541543F2-58D4-4F13-8F88-D52405ABDE58}"
EndProject
Project("{2150E333-8FDC-42A3-9474-1A3956D46DE8}") = "lib", "lib", "{7A99075E-3864-4876-AC3B-75D9C9F55A46}"
EndProject
Project("{FAE04EC0-301F-11D3-BF4B-00C04F79EFBC}") = "Log", "lib\Log\Log.csproj", "{3EE15A5F-3A7B-46AB-B01F-B51EEAB4CDBD}"
EndProject
Project("{FAE04EC0-301F-11D3-BF4B-00C04F79EFBC}") = "Autominer", "Autominer\Autominer.csproj", "{C8431B7B-1F58-4E90-BFE0-76DB9896CF1E}"
EndProject
Project("{FAE04EC0-301F-11D3-BF4B-00C04F79EFBC}") = "Process", "lib\Process\Process.csproj", "{D7B3C6E1-3787-4ECF-ADC0-FCFCC663307C}"
EndProject
Project("{FAE04EC0-301F-11D3-BF4B-00C04F79EFBC}") = "Sendy", "lib\Sendy\Sendy.csproj", "{BDA6AE1F-9B4E-4752-A4EF-78ECC2870C47}"
EndProject
Project("{FAE04EC0-301F-11D3-BF4B-00C04F79EFBC}") = "Thrust", "lib\Thrust\Thrust.csproj", "{A5364651-BF96-43BE-BFEC-1E8E38B27A7C}"
EndProject
Project("{FAE04EC0-301F-11D3-BF4B-00C04F79EFBC}") = "Autopilot", "lib\Autopilot\Autopilot.csproj", "{D09B51E1-BA7A-452D-9753-241D4326E24D}"
EndProject
Project("{FAE04EC0-301F-11D3-BF4B-00C04F79EFBC}") = "Test", "Test\Test.csproj", "{5E9D7BC3-823C-4513-80DF-4042967D3B92}"
EndProject
Global
	GlobalSection(SolutionProperties) = preSolution
		HideSolutionNode = FALSE
	EndGlobalSection
	GlobalSection(SolutionConfigurationPlatforms) = preSolution
		Debug|Any CPU = Debug|Any CPU
		Debug|x64 = Debug|x64
		Debug|x86 = Debug|x86
		Release|Any CPU = Release|Any CPU
		Release|x64 = Release|x64
		Release|x86 = Release|x86
	EndGlobalSection
	GlobalSection(ProjectConfigurationPlatforms) = postSolution
		{4AE8E36A-DB04-4A28-92DD-A582B6A79D2B}.Debug|Any CPU.ActiveCfg = Debug|Any CPU
		{4AE8E36A-DB04-4A28-92DD-A582B6A79D2B}.Debug|Any CPU.Build.0 = Debug|Any CPU
		{4AE8E36A-DB04-4A28-92DD-A582B6A79D2B}.Debug|x64.ActiveCfg = Debug|Any CPU
		{4AE8E36A-DB04-4A28-92DD-A582B6A79D2B}.Debug|x64.Build.0 = Debug|Any CPU
		{4AE8E36A-DB04-4A28-92DD-A582B6A79D2B}.Debug|x86.ActiveCfg = Debug|Any CPU
		{4AE8E36A-DB04-4A28-92DD-A582B6A79D2B}.Debug|x86.Build.0 = Debug|Any CPU
		{4AE8E36A-DB04-4A28-92DD-A582B6A79D2B}.Release|Any CPU.ActiveCfg = Release|Any CPU
		{4AE8E36A-DB04-4A28-92DD-A582B6A79D2B}.Release|Any CPU.Build.0 = Release|Any CPU
		{4AE8E36A-DB04-4A28-92DD-A582B6A79D2B}.Release|x64.ActiveCfg = Release|Any CPU
		{4AE8E36A-DB04-4A28-92DD-A582B6A79D2B}.Release|x64.Build.0 = Release|Any CPU
		{4AE8E36A-DB04-4A28-92DD-A582B6A79D2B}.Release|x86.ActiveCfg = Release|Any CPU
		{4AE8E36A-DB04-4A28-92DD-A582B6A79D2B}.Release|x86.Build.0 = Release|Any CPU
		{594BFFCB-671E-4ED2-92A2-F516959BDE45}.Debug|Any CPU.ActiveCfg = Debug|Any CPU
		{594BFFCB-671E-4ED2-92A2-F516959BDE45}.Debug|Any CPU.Build.0 = Debug|Any CPU
		{594BFFCB-671E-4ED2-92A2-F516959BDE45}.Debug|x64.ActiveCfg = Debug|Any CPU
		{594BFFCB-671E-4ED2-92A2-F516959BDE45}.Debug|x64.Build.0 = Debug|Any CPU
		{594BFFCB-671E-4ED2-92A2-F516959BDE45}.Debug|x86.ActiveCfg = Debug|Any CPU
		{594BFFCB-671E-4ED2-92A2-F516959BDE45}.Debug|x86.Build.0 = Debug|Any CPU
		{594BFFCB-671E-4ED2-92A2-F516959BDE45}.Release|Any CPU.ActiveCfg = Release|Any CPU
		{594BFFCB-671E-4ED2-92A2-F516959BDE45}.Release|Any CPU.Build.0 = Release|Any CPU
		{594BFFCB-671E-4ED2-92A2-F516959BDE45}.Release|x64.ActiveCfg = Release|Any CPU
		{594BFFCB-671E-4ED2-92A2-F516959BDE45}.Release|x64.Build.0 = Release|Any CPU
		{594BFFCB-671E-4ED2-92A2-F516959BDE45}.Release|x86.ActiveCfg = Release|Any CPU
		{594BFFCB-671E-4ED2-92A2-F516959BDE45}.Release|x86.Build.0 = Release|Any CPU
		{60F67F41-B936-4780-BB23-75A0DFFF799E}.Debug|Any CPU.ActiveCfg = Debug|Any CPU
		{60F67F41-B936-4780-BB23-75A0DFFF799E}.Debug|Any CPU.Build.0 = Debug|Any CPU
		{60F67F41-B936-4780-BB23-75A0DFFF799E}.Debug|x64.ActiveCfg = Debug|Any CPU
		{60F67F41-B936-4780-BB23-75A0DFFF799E}.Debug|x64.Build.0 = Debug|Any CPU
		{60F67F41-B936-4780-BB23-75A0DFFF799E}.Debug|x86.ActiveCfg = Debug|Any CPU
		{60F67F41-B936-4780-BB23-75A0DFFF799E}.Debug|x86.Build.0 = Debug|Any CPU
		{60F67F41-B936-4780-BB23-75A0DFFF799E}.Release|Any CPU.ActiveCfg = Release|Any CPU
		{60F67F41-B936-4780-BB23-75A0DFFF799E}.Release|Any CPU.Build.0 = Release|Any CPU
		{60F67F41-B936-4780-BB23-75A0DFFF799E}.Release|x64.ActiveCfg = Release|Any CPU
		{60F67F41-B936-4780-BB23-75A0DFFF799E}.Release|x64.Build.0 = Release|Any CPU
		{60F67F41-B936-4780-BB23-75A0DFFF799E}.Release|x86.ActiveCfg = Release|Any CPU
		{60F67F41-B936-4780-BB23-75A0DFFF799E}.Release|x86.Build.0 = Release|Any CPU
		{541543F2-58D4-4F13-8F88-D52405ABDE58}.Debug|Any CPU.ActiveCfg = Debug|Any CPU
		{541543F2-58D4-4F13-8F88-D52405ABDE58}.Debug|Any CPU.Build.0 = Debug|Any CPU
		{541543F2-58D4-4F13-8F88-D52405ABDE58}.Debug|x64.ActiveCfg = Debug|Any CPU
		{541543F2-58D4-4F13-8F88-D52405ABDE58}.Debug|x64.Build.0 = Debug|Any CPU
		{541543F2-58D4-4F13-8F88-D52405ABDE58}.Debug|x86.ActiveCfg = Debug|Any CPU
		{541543F2-58D4-4F13-8F88-D52405ABDE58}.Debug|x86.Build.0 = Debug|Any CPU
		{541543F2-58D4-4F13-8F88-D52405ABDE58}.Release|Any CPU.ActiveCfg = Release|Any CPU
		{541543F2-58D4-4F13-8F88-D52405ABDE58}.Release|Any CPU.Build.0 = Release|Any CPU
		{541543F2-58D4-4F13-8F88-D52405ABDE58}.Release|x64.ActiveCfg = Release|Any CPU
		{541543F2-58D4-4F13-8F88-D52405ABDE58}.Release|x64.Build.0 = Release|Any CPU
		{541543F2-58D4-4F13-8F88-D52405ABDE58}.Release|x86.ActiveCfg = Release|Any CPU
		{541543F2-58D4-4F13-8F88-D52405ABDE58}.Release|x86.Build.0 = Release|Any CPU
		{3EE15A5F-3A7B-46AB-B01F-B51EEAB4CDBD}.Debug|Any CPU.ActiveCfg = Debug|Any CPU
		{3EE15A5F-3A7B-46AB-B01F-B51EEAB4CDBD}.Debug|Any CPU.Build.0 = Debug|Any CPU
		{3EE15A5F-3A7B-46AB-B01F-B51EEAB4CDBD}.Debug|x64.ActiveCfg = Debug|Any CPU
		{3EE15A5F-3A7B-46AB-B01F-B51EEAB4CDBD}.Debug|x64.Build.0 = Debug|Any CPU
		{3EE15A5F-3A7B-46AB-B01F-B51EEAB4CDBD}.Debug|x86.ActiveCfg = Debug|Any CPU
		{3EE15A5F-3A7B-46AB-B01F-B51EEAB4CDBD}.Debug|x86.Build.0 = Debug|Any CPU
		{3EE15A5F-3A7B-46AB-B01F-B51EEAB4CDBD}.Release|Any CPU.ActiveCfg = Release|Any CPU
		{3EE15A5F-3A7B-46AB-B01F-B51EEAB4CDBD}.Release|Any CPU.Build.0 = Release|Any CPU
		{3EE15A5F-3A7B-46AB-B01F-B51EEAB4CDBD}.Release|x64.ActiveCfg = Release|Any CPU
		{3EE15A5F-3A7B-46AB-B01F-B51EEAB4CDBD}.Release|x64.Build.0 = Release|Any CPU
		{3EE15A5F-3A7B-46AB-B01F-B51EEAB4CDBD}.Release|x86.ActiveCfg = Release|Any CPU
		{3EE15A5F-3A7B-46AB-B01F-B51EEAB4CDBD}.Release|x86.Build.0 = Release|Any CPU
		{C8431B7B-1F58-4E90-BFE0-76DB9896CF1E}.Debug|Any CPU.ActiveCfg = Debug|Any CPU
		{C8431B7B-1F58-4E90-BFE0-76DB9896CF1E}.Debug|Any CPU.Build.0 = Debug|Any CPU
		{C8431B7B-1F58-4E90-BFE0-76DB9896CF1E}.Debug|x64.ActiveCfg = Debug|Any CPU
		{C8431B7B-1F58-4E90-BFE0-76DB9896CF1E}.Debug|x64.Build.0 = Debug|Any CPU
		{C8431B7B-1F58-4E90-BFE0-76DB9896CF1E}.Debug|x86.ActiveCfg = Debug|Any CPU
		{C8431B7B-1F58-4E90-BFE0-76DB9896CF1E}.Debug|x86.Build.0 = Debug|Any CPU
		{C8431B7B-1F58-4E90-BFE0-76DB9896CF1E}.Release|Any CPU.ActiveCfg = Release|Any CPU
		{C8431B7B-1F58-4E90-BFE0-76DB9896CF1E}.Release|Any CPU.Build.0 = Release|Any CPU
		{C8431B7B-1F58-4E90-BFE0-76DB9896CF1E}.Release|x64.ActiveCfg = Release|Any CPU
		{C8431B7B-1F58-4E90-BFE0-76DB9896CF1E}.Release|x64.Build.0 = Release|Any CPU
		{C8431B7B-1F58-4E90-BFE0-76DB9896CF1E}.Release|x86.ActiveCfg = Release|Any CPU
		{C8431B7B-1F58-4E90-BFE0-76DB9896CF1E}.Release|x86.Build.0 = Release|Any CPU
		{D7B3C6E1-3787-4ECF-ADC0-FCFCC663307C}.Debug|Any CPU.ActiveCfg = Debug|Any CPU
		{D7B3C6E1-3787-4ECF-ADC0-FCFCC663307C}.Debug|Any CPU.Build.0 = Debug|Any CPU
		{D7B3C6E1-3787-4ECF-ADC0-FCFCC663307C}.Debug|x64.ActiveCfg = Debug|Any CPU
		{D7B3C6E1-3787-4ECF-ADC0-FCFCC663307C}.Debug|x64.Build.0 = Debug|Any CPU
		{D7B3C6E1-3787-4ECF-ADC0-FCFCC663307C}.Debug|x86.ActiveCfg = Debug|Any CPU
		{D7B3C6E1-3787-4ECF-ADC0-FCFCC663307C}.Debug|x86.Build.0 = Debug|Any CPU
		{D7B3C6E1-3787-4ECF-ADC0-FCFCC663307C}.Release|Any CPU.ActiveCfg = Release|Any CPU
		{D7B3C6E1-3787-4ECF-ADC0-FCFCC663307C}.Release|Any CPU.Build.0 = Release|Any CPU
		{D7B3C6E1-3787-4ECF-ADC0-FCFCC663307C}.Release|x64.ActiveCfg = Release|Any CPU
		{D7B3C6E1-3787-4ECF-ADC0-FCFCC663307C}.Release|x64.Build.0 = Release|Any CPU
		{D7B3C6E1-3787-4ECF-ADC0-FCFCC663307C}.Release|x86.ActiveCfg = Release|Any CPU
		{D7B3C6E1-3787-4ECF-ADC0-FCFCC663307C}.Release|x86.Build.0 = Release|Any CPU
		{BDA6AE1F-9B4E-4752-A4EF-78ECC2870C47}.Debug|Any CPU.ActiveCfg = Debug|Any CPU
		{BDA6AE1F-9B4E-4752-A4EF-78ECC2870C47}.Debug|Any CPU.Build.0 = Debug|Any CPU
		{BDA6AE1F-9B4E-4752-A4EF-78ECC2870C47}.Debug|x64.ActiveCfg = Debug|Any CPU
		{BDA6AE1F-9B4E-4752-A4EF-78ECC2870C47}.Debug|x64.Build.0 = Debug|Any CPU
		{BDA6AE1F-9B4E-4752-A4EF-78ECC2870C47}.Debug|x86.ActiveCfg = Debug|Any CPU
		{BDA6AE1F-9B4E-4752-A4EF-78ECC2870C47}.Debug|x86.Build.0 = Debug|Any CPU
		{BDA6AE1F-9B4E-4752-A4EF-78ECC2870C47}.Release|Any CPU.ActiveCfg = Release|Any CPU
		{BDA6AE1F-9B4E-4752-A4EF-78ECC2870C47}.Release|Any CPU.Build.0 = Release|Any CPU
		{BDA6AE1F-9B4E-4752-A4EF-78ECC2870C47}.Release|x64.ActiveCfg = Release|Any CPU
		{BDA6AE1F-9B4E-4752-A4EF-78ECC2870C47}.Release|x64.Build.0 = Release|Any CPU
		{BDA6AE1F-9B4E-4752-A4EF-78ECC2870C47}.Release|x86.ActiveCfg = Release|Any CPU
		{BDA6AE1F-9B4E-4752-A4EF-78ECC2870C47}.Release|x86.Build.0 = Release|Any CPU
		{A5364651-BF96-43BE-BFEC-1E8E38B27A7C}.Debug|Any CPU.ActiveCfg = Debug|Any CPU
		{A5364651-BF96-43BE-BFEC-1E8E38B27A7C}.Debug|Any CPU.Build.0 = Debug|Any CPU
		{A5364651-BF96-43BE-BFEC-1E8E38B27A7C}.Debug|x64.ActiveCfg = Debug|Any CPU
		{A5364651-BF96-43BE-BFEC-1E8E38B27A7C}.Debug|x64.Build.0 = Debug|Any CPU
		{A5364651-BF96-43BE-BFEC-1E8E38B27A7C}.Debug|x86.ActiveCfg = Debug|Any CPU
		{A5364651-BF96-43BE-BFEC-1E8E38B27A7C}.Debug|x86.Build.0 = Debug|Any CPU
		{A5364651-BF96-43BE-BFEC-1E8E38B27A7C}.Release|Any CPU.ActiveCfg = Release|Any CPU
		{A5364651-BF96-43BE-BFEC-1E8E38B27A7C}.Release|Any CPU.Build.0 = Release|Any CPU
		{A5364651-BF96-43BE-BFEC-1E8E38B27A7C}.Release|x64.ActiveCfg = Release|Any CPU
		{A5364651-BF96-43BE-BFEC-1E8E38B27A7C}.Release|x64.Build.0 = Release|Any CPU
		{A5364651-BF96-43BE-BFEC-1E8E38B27A7C}.Release|x86.ActiveCfg = Release|Any CPU
		{A5364651-BF96-43BE-BFEC-1E8E38B27A7C}.Release|x86.Build.0 = Release|Any CPU
		{D09B51E1-BA7A-452D-9753-241D4326E24D}.Debug|Any CPU.ActiveCfg = Debug|Any CPU
		{D09B51E1-BA7A-452D-9753-241D4326E24D}.Debug|Any CPU.Build.0 = Debug|Any CPU
		{D09B51E1-BA7A-452D-9753-241D4326E24D}.Debug|x64.ActiveCfg = Debug|Any CPU
		{D09B51E1-BA7A-452D-9753-241D4326E24D}.Debug|x64.Build.0 = Debug|Any CPU
		{D09B51E1-BA7A-452D-9753-241D4326E24D}.Debug|x86.ActiveCfg = Debug|Any CPU
		{D09B51E1-BA7A-452D-9753-241D4326E24D}.Debug|x86.Build.0 = Debug|Any CPU
		{D09B51E1-BA7A-452D-9753-241D4326E24D}.Release|Any CPU.ActiveCfg = Release|Any CPU
		{D09B51E1-BA7A-452D-9753-241D4326E24D}.Release|Any CPU.Build.0 = Release|Any CPU
		{D09B51E1-BA7A-452D-9753-241D4326E24D}.Release|x64.ActiveCfg = Release|Any CPU
		{D09B51E1-BA7A-452D-9753-241D4326E24D}.Release|x64.Build.0 = Release|Any CPU
		{D09B51E1-BA7A-452D-9753-241D4326E24D}.Release|x86.ActiveCfg = Release|Any CPU
		{D09B51E1-BA7A-452D-9753-241D4326E24D}.Release|x86.Build.0 = Release|Any CPU
		{5E9D7BC3-823C-4513-80DF-4042967D3B92}.Debug|Any CPU.ActiveCfg = Debug|Any CPU
		{5E9D7BC3-823C-4513-80DF-4042967D3B92}.Debug|Any CPU.Build.0 = Debug|Any CPU
		{5E9D7BC3-823C-4513-80DF-4042967D3B92}.Debug|x64.ActiveCfg = Debug|Any CPU
		{5E9D7BC3-823C-4513-80DF-4042967D3B92}.Debug|x64.Build.0 = Debug|Any CPU
		{5E9D7BC3-823C-4513-80DF-4042967D3B92}.Debug|x86.ActiveCfg = Debug|Any CPU
		{5E9D7BC3-823C-4513-80DF-4042967D3B92}.Debug|x86.Build.0 = Debug|Any CPU
		{5E9D7BC3-823C-4513-80DF-4042967D3B92}.Release|Any CPU.ActiveCfg = Release|Any CPU
		{5E9D7BC3-823C-4513-80DF-4042967D3B92}.Release|Any CPU.Build.0 = Release|Any CPU
		{5E9D7BC3-823C-4513-80DF-4042967D3B92}.Release|x64.ActiveCfg = Release|Any CPU
		{5E9D7BC3-823C-4513-80DF-4042967D3B92}.Release|x64.Build.0 = Release|Any CPU
		{5E9D7BC3-823C-4513-80DF-4042967D3B92}.Release|x86.ActiveCfg = Release|Any CPU
		{5E9D7BC3-823C-4513-80DF-4042967D3B92}.Release|x86.Build.0 = Release|Any CPU
	EndGlobalSection
	GlobalSection(NestedProjects) = preSolution
		{3EE15A5F-3A7B-46AB-B01F-B51EEAB4CDBD} = {7A99075E-3864-4876-AC3B-75D9C9F55A46}
		{D7B3C6E1-3787-4ECF-ADC0-FCFCC663307C} = {7A99075E-3864-4876-AC3B-75D9C9F55A46}
		{BDA6AE1F-9B4E-4752-A4EF-78ECC2870C47} = {7A99075E-3864-4876-AC3B-75D9C9F55A46}
		{A5364651-BF96-43BE-BFEC-1E8E38B27A7C} = {7A99075E-3864-4876-AC3B-75D9C9F55A46}
		{D09B51E1-BA7A-452D-9753-241D4326E24D} = {7A99075E-3864-4876-AC3B-75D9C9F55A46}
	EndGlobalSection
EndGlobal
